
Microsoft Visual Studio Solution File, Format Version 12.00
# Visual Studio 15
VisualStudioVersion = 15.0.27703.2035
MinimumVisualStudioVersion = 10.0.40219.1
Project("{FAE04EC0-301F-11D3-BF4B-00C04F79EFBC}") = "Videos", "Videos\Videos.csproj", "{A956054B-156E-4B1C-A83A-9F1B4CB5827C}"
EndProject
Project("{FAE04EC0-301F-11D3-BF4B-00C04F79EFBC}") = "ConsoleClient", "ConsoleClient\ConsoleClient\ConsoleClient.csproj", "{3ABC3B47-0A15-460C-8419-26E548AD2368}"
EndProject
Global
	GlobalSection(SolutionConfigurationPlatforms) = preSolution
		Debug|Any CPU = Debug|Any CPU
		Release|Any CPU = Release|Any CPU
	EndGlobalSection
	GlobalSection(ProjectConfigurationPlatforms) = postSolution
		{A956054B-156E-4B1C-A83A-9F1B4CB5827C}.Debug|Any CPU.ActiveCfg = Debug|Any CPU
		{A956054B-156E-4B1C-A83A-9F1B4CB5827C}.Debug|Any CPU.Build.0 = Debug|Any CPU
		{A956054B-156E-4B1C-A83A-9F1B4CB5827C}.Release|Any CPU.ActiveCfg = Release|Any CPU
		{A956054B-156E-4B1C-A83A-9F1B4CB5827C}.Release|Any CPU.Build.0 = Release|Any CPU
		{3ABC3B47-0A15-460C-8419-26E548AD2368}.Debug|Any CPU.ActiveCfg = Debug|Any CPU
		{3ABC3B47-0A15-460C-8419-26E548AD2368}.Debug|Any CPU.Build.0 = Debug|Any CPU
		{3ABC3B47-0A15-460C-8419-26E548AD2368}.Release|Any CPU.ActiveCfg = Release|Any CPU
		{3ABC3B47-0A15-460C-8419-26E548AD2368}.Release|Any CPU.Build.0 = Release|Any CPU
	EndGlobalSection
	GlobalSection(SolutionProperties) = preSolution
		HideSolutionNode = FALSE
	EndGlobalSection
	GlobalSection(ExtensibilityGlobals) = postSolution
		SolutionGuid = {0DB33706-CC04-4392-B0A1-0666881AFA5C}
	EndGlobalSection
EndGlobal
